
Microsoft Visual Studio Solution File, Format Version 12.00
# Visual Studio Version 16
VisualStudioVersion = 16.0.28803.156
MinimumVisualStudioVersion = 10.0.40219.1
Project("{9A19103F-16F7-4668-BE54-9A1E7A4F7556}") = "PokerTest", "PokerTest\PokerTest.csproj", "{44052A48-A240-4813-BCD0-28722F0B19E6}"
EndProject
Project("{9A19103F-16F7-4668-BE54-9A1E7A4F7556}") = "PokerServer", "PokerServer\PokerServer.csproj", "{AB6644AE-B3D9-4020-9515-B61603C2BC3B}"
EndProject
Global
	GlobalSection(SolutionConfigurationPlatforms) = preSolution
		Debug|Any CPU = Debug|Any CPU
		Release|Any CPU = Release|Any CPU
	EndGlobalSection
	GlobalSection(ProjectConfigurationPlatforms) = postSolution
		{44052A48-A240-4813-BCD0-28722F0B19E6}.Debug|Any CPU.ActiveCfg = Debug|Any CPU
		{44052A48-A240-4813-BCD0-28722F0B19E6}.Debug|Any CPU.Build.0 = Debug|Any CPU
		{44052A48-A240-4813-BCD0-28722F0B19E6}.Release|Any CPU.ActiveCfg = Release|Any CPU
		{44052A48-A240-4813-BCD0-28722F0B19E6}.Release|Any CPU.Build.0 = Release|Any CPU
		{AB6644AE-B3D9-4020-9515-B61603C2BC3B}.Debug|Any CPU.ActiveCfg = Debug|Any CPU
		{AB6644AE-B3D9-4020-9515-B61603C2BC3B}.Debug|Any CPU.Build.0 = Debug|Any CPU
		{AB6644AE-B3D9-4020-9515-B61603C2BC3B}.Release|Any CPU.ActiveCfg = Release|Any CPU
		{AB6644AE-B3D9-4020-9515-B61603C2BC3B}.Release|Any CPU.Build.0 = Release|Any CPU
	EndGlobalSection
	GlobalSection(SolutionProperties) = preSolution
		HideSolutionNode = FALSE
	EndGlobalSection
	GlobalSection(ExtensibilityGlobals) = postSolution
		SolutionGuid = {A3849C92-EFAA-435C-9658-BE3E51792E0E}
	EndGlobalSection
EndGlobal
